
Microsoft Visual Studio Solution File, Format Version 12.00
# Visual Studio Version 16
VisualStudioVersion = 16.0.29709.97
MinimumVisualStudioVersion = 10.0.40219.1
Project("{FAE04EC0-301F-11D3-BF4B-00C04F79EFBC}") = "ritgCSharp1", "ritgCSharp1.csproj", "{FCBF08E1-2A90-485B-909F-B98F33C167EF}"
EndProject
Global
	GlobalSection(SolutionConfigurationPlatforms) = preSolution
		Debug|Any CPU = Debug|Any CPU
		Release|Any CPU = Release|Any CPU
	EndGlobalSection
	GlobalSection(ProjectConfigurationPlatforms) = postSolution
		{FCBF08E1-2A90-485B-909F-B98F33C167EF}.Debug|Any CPU.ActiveCfg = Debug|Any CPU
		{FCBF08E1-2A90-485B-909F-B98F33C167EF}.Debug|Any CPU.Build.0 = Debug|Any CPU
		{FCBF08E1-2A90-485B-909F-B98F33C167EF}.Release|Any CPU.ActiveCfg = Release|Any CPU
		{FCBF08E1-2A90-485B-909F-B98F33C167EF}.Release|Any CPU.Build.0 = Release|Any CPU
	EndGlobalSection
	GlobalSection(SolutionProperties) = preSolution
		HideSolutionNode = FALSE
	EndGlobalSection
	GlobalSection(ExtensibilityGlobals) = postSolution
		SolutionGuid = {84FCF1ED-18A3-4B7A-94F4-081BA86B0298}
	EndGlobalSection
EndGlobal
